
Microsoft Visual Studio Solution File, Format Version 12.00
Project("{2150E333-8FDC-42A3-9474-1A3956D46DE8}") = "Core", "Core", "{8061DC9E-7F8E-4C41-81C3-B4BA95811AFA}"
EndProject
Project("{2150E333-8FDC-42A3-9474-1A3956D46DE8}") = "Infrastructure", "Infrastructure", "{EB8987A3-B996-4310-B2EF-0798C6782129}"
EndProject
Project("{2150E333-8FDC-42A3-9474-1A3956D46DE8}") = "Presentation", "Presentation", "{F23E1319-09B8-4079-866A-DBA5E7414A4F}"
EndProject
Project("{FAE04EC0-301F-11D3-BF4B-00C04F79EFBC}") = "ToDo.Api", "ToDo.Api\ToDo.Api.csproj", "{58E6DCAD-FBDB-4930-B755-3BFEF0DB4517}"
EndProject
Project("{FAE04EC0-301F-11D3-BF4B-00C04F79EFBC}") = "ToDo.Domain", "ToDo.Domain\ToDo.Domain.csproj", "{17F87E3F-B7DF-4EF4-A994-AE4AA5774028}"
EndProject
Global
	GlobalSection(SolutionConfigurationPlatforms) = preSolution
		Debug|Any CPU = Debug|Any CPU
		Release|Any CPU = Release|Any CPU
	EndGlobalSection
	GlobalSection(NestedProjects) = preSolution
		{58E6DCAD-FBDB-4930-B755-3BFEF0DB4517} = {F23E1319-09B8-4079-866A-DBA5E7414A4F}
		{17F87E3F-B7DF-4EF4-A994-AE4AA5774028} = {8061DC9E-7F8E-4C41-81C3-B4BA95811AFA}
	EndGlobalSection
	GlobalSection(ProjectConfigurationPlatforms) = postSolution
		{58E6DCAD-FBDB-4930-B755-3BFEF0DB4517}.Debug|Any CPU.ActiveCfg = Debug|Any CPU
		{58E6DCAD-FBDB-4930-B755-3BFEF0DB4517}.Debug|Any CPU.Build.0 = Debug|Any CPU
		{58E6DCAD-FBDB-4930-B755-3BFEF0DB4517}.Release|Any CPU.ActiveCfg = Release|Any CPU
		{58E6DCAD-FBDB-4930-B755-3BFEF0DB4517}.Release|Any CPU.Build.0 = Release|Any CPU
		{17F87E3F-B7DF-4EF4-A994-AE4AA5774028}.Debug|Any CPU.ActiveCfg = Debug|Any CPU
		{17F87E3F-B7DF-4EF4-A994-AE4AA5774028}.Debug|Any CPU.Build.0 = Debug|Any CPU
		{17F87E3F-B7DF-4EF4-A994-AE4AA5774028}.Release|Any CPU.ActiveCfg = Release|Any CPU
		{17F87E3F-B7DF-4EF4-A994-AE4AA5774028}.Release|Any CPU.Build.0 = Release|Any CPU
	EndGlobalSection
EndGlobal
